[[package]]
name = "atomicwrites"
version = "1.4.0"
description = "Atomic file writes."
category = "dev"
optional = false
python-versions = ">=2.7, !=3.0.*, !=3.1.*, !=3.2.*, !=3.3.*"

[[package]]
name = "attrs"
version = "20.3.0"
description = "Classes Without Boilerplate"
category = "dev"
optional = false
python-versions = ">=2.7, !=3.0.*, !=3.1.*, !=3.2.*, !=3.3.*"

[package.extras]
dev = ["coverage[toml] (>=5.0.2)", "hypothesis", "pympler", "pytest (>=4.3.0)", "six", "zope.interface", "furo", "sphinx", "pre-commit"]
docs = ["furo", "sphinx", "zope.interface"]
tests = ["coverage[toml] (>=5.0.2)", "hypothesis", "pympler", "pytest (>=4.3.0)", "six", "zope.interface"]
tests_no_zope = ["coverage[toml] (>=5.0.2)", "hypothesis", "pympler", "pytest (>=4.3.0)", "six"]

[[package]]
name = "bleach"
version = "3.1.2"
description = "An easy safelist-based HTML-sanitizing tool."
category = "dev"
optional = false
python-versions = ">=2.7, !=3.0.*, !=3.1.*, !=3.2.*, !=3.3.*"

[package.dependencies]
six = ">=1.9.0"
webencodings = "*"

[[package]]
name = "cffi"
version = "1.14.5"
description = "Foreign Function Interface for Python calling C code."
category = "dev"
optional = false
python-versions = "*"

[package.dependencies]
pycparser = "*"

[[package]]
name = "cmarkgfm"
version = "0.5.3"
description = "Minimal bindings to GitHub's fork of cmark"
category = "dev"
optional = false
python-versions = "*"

[package.dependencies]
cffi = ">=1.0.0"

[[package]]
name = "colorama"
version = "0.4.1"
description = "Cross-platform colored terminal text."
category = "dev"
optional = false
python-versions = ">=2.7, !=3.0.*, !=3.1.*, !=3.2.*, !=3.3.*"

[[package]]
name = "coverage"
version = "4.4.2"
description = "Code coverage measurement for Python"
category = "dev"
optional = false
python-versions = "*"

[[package]]
name = "docutils"
version = "0.15.2"
description = "Docutils -- Python Documentation Utilities"
category = "dev"
optional = false
python-versions = ">=2.6, !=3.0.*, !=3.1.*, !=3.2.*"

[[package]]
name = "flake8"
version = "3.5.0"
description = "the modular source code checker: pep8, pyflakes and co"
category = "dev"
optional = false
python-versions = "*"

[package.dependencies]
mccabe = ">=0.6.0,<0.7.0"
pycodestyle = ">=2.0.0,<2.4.0"
pyflakes = ">=1.5.0,<1.7.0"

[[package]]
name = "future"
version = "0.18.2"
description = "Clean single-source support for Python 3 and 2"
category = "dev"
optional = false
python-versions = ">=2.6, !=3.0.*, !=3.1.*, !=3.2.*"

[[package]]
name = "importlib-metadata"
version = "1.1.3"
description = "Read metadata from Python packages"
category = "dev"
optional = false
python-versions = "!=3.0.*,!=3.1.*,!=3.2.*,!=3.3.*,>=2.7"

[package.dependencies]
pathlib2 = {version = "*", markers = "python_version == \"3.4.*\" or python_version < \"3\""}
zipp = ">=0.5"

[package.extras]
docs = ["sphinx", "rst.linker"]
testing = ["packaging", "importlib-resources"]

[[package]]
name = "mccabe"
version = "0.6.1"
description = "McCabe checker, plugin for flake8"
category = "dev"
optional = false
python-versions = "*"

[[package]]
name = "more-itertools"
version = "7.2.0"
description = "More routines for operating on iterables, beyond itertools"
category = "dev"
optional = false
python-versions = ">=3.4"

[[package]]
name = "pathlib2"
version = "2.3.5"
description = "Object-oriented filesystem paths"
category = "dev"
optional = false
python-versions = "*"

[package.dependencies]
scandir = {version = "*", markers = "python_version < \"3.5\""}
six = "*"

[[package]]
name = "pluggy"
version = "0.13.1"
description = "plugin and hook calling mechanisms for python"
category = "dev"
optional = false
python-versions = ">=2.7, !=3.0.*, !=3.1.*, !=3.2.*, !=3.3.*"

[package.dependencies]
importlib-metadata = {version = ">=0.12", markers = "python_version < \"3.8\""}

[package.extras]
dev = ["pre-commit", "tox"]

[[package]]
name = "py"
version = "1.10.0"
description = "library with cross-python path, ini-parsing, io, code, log facilities"
category = "dev"
optional = false
python-versions = ">=2.7, !=3.0.*, !=3.1.*, !=3.2.*, !=3.3.*"

[[package]]
name = "pycodestyle"
version = "2.3.1"
description = "Python style guide checker"
category = "dev"
optional = false
python-versions = "*"

[[package]]
name = "pycparser"
version = "2.20"
description = "C parser in Python"
category = "dev"
optional = false
python-versions = ">=2.7, !=3.0.*, !=3.1.*, !=3.2.*, !=3.3.*"

[[package]]
name = "pyflakes"
version = "1.6.0"
description = "passive checker of Python programs"
category = "dev"
optional = false
python-versions = "*"

[[package]]
name = "pygments"
version = "2.3.1"
description = "Pygments is a syntax highlighting package written in Python."
category = "dev"
optional = false
python-versions = "*"

[[package]]
name = "pytest"
version = "3.7.1"
description = "pytest: simple powerful testing with Python"
category = "dev"
optional = false
python-versions = ">=2.7, !=3.0.*, !=3.1.*, !=3.2.*, !=3.3.*"

[package.dependencies]
atomicwrites = ">=1.0"
attrs = ">=17.4.0"
colorama = {version = "*", markers = "sys_platform == \"win32\""}
more-itertools = ">=4.0.0"
pathlib2 = {version = ">=2.2.0", markers = "python_version < \"3.6\""}
pluggy = ">=0.7"
py = ">=1.5.0"
six = ">=1.10.0"

[[package]]
name = "pytest-cov"
version = "2.5.1"
description = "Pytest plugin for measuring coverage."
category = "dev"
optional = false
python-versions = "*"

[package.dependencies]
coverage = ">=3.7.1"
pytest = ">=2.6.0"

[[package]]
name = "readme-renderer"
version = "21.0"
description = "readme_renderer is a library for rendering \"readme\" descriptions for Warehouse"
category = "dev"
optional = false
python-versions = "*"

[package.dependencies]
bleach = ">=2.1.0"
cmarkgfm = ">=0.2.0"
docutils = ">=0.13.1"
future = "*"
Pygments = "*"
six = "*"

[[package]]
name = "scandir"
version = "1.10.0"
description = "scandir, a better directory iterator and faster os.walk()"
category = "dev"
optional = false
python-versions = "*"

[[package]]
name = "six"
version = "1.15.0"
description = "Python 2 and 3 compatibility utilities"
category = "dev"
optional = false
python-versions = ">=2.7, !=3.0.*, !=3.1.*, !=3.2.*"

[[package]]
name = "webencodings"
version = "0.5.1"
description = "Character encoding aliases for legacy web content"
category = "dev"
optional = false
python-versions = "*"

[[package]]
name = "zipp"
version = "1.2.0"
description = "Backport of pathlib-compatible object wrapper for zip files"
category = "dev"
optional = false
python-versions = ">=2.7"

[package.extras]
docs = ["sphinx", "jaraco.packaging (>=3.2)", "rst.linker (>=1.9)"]
testing = ["pathlib2", "unittest2", "jaraco.itertools", "func-timeout"]

[metadata]
lock-version = "1.1"
python-versions = ">=3.4"
content-hash = "f6a787f820722f00d377fbc4ca4aadcd4fd92b824af29fc90b4427db08d611d8"

[metadata.files]
atomicwrites = [
    {file = "atomicwrites-1.4.0-py2.py3-none-any.whl", hash = "sha256:6d1784dea7c0c8d4a5172b6c620f40b6e4cbfdf96d783691f2e1302a7b88e197"},
    {file = "atomicwrites-1.4.0.tar.gz", hash = "sha256:ae70396ad1a434f9c7046fd2dd196fc04b12f9e91ffb859164193be8b6168a7a"},
]
attrs = [
    {file = "attrs-20.3.0-py2.py3-none-any.whl", hash = "sha256:31b2eced602aa8423c2aea9c76a724617ed67cf9513173fd3a4f03e3a929c7e6"},
    {file = "attrs-20.3.0.tar.gz", hash = "sha256:832aa3cde19744e49938b91fea06d69ecb9e649c93ba974535d08ad92164f700"},
]
bleach = [
    {file = "bleach-3.1.2-py2.py3-none-any.whl", hash = "sha256:2ffa40dfa80b141ff58eee538bce0d2a09c7d456018d00f7a2cb0ebf967c524d"},
    {file = "bleach-3.1.2.tar.gz", hash = "sha256:f0b1ee0315062e60afa6b7cc39b1c3718b591e1d552a8841044dc49a68465659"},
]
cffi = [
    {file = "cffi-1.14.5-cp27-cp27m-macosx_10_9_x86_64.whl", hash = "sha256:bb89f306e5da99f4d922728ddcd6f7fcebb3241fc40edebcb7284d7514741991"},
    {file = "cffi-1.14.5-cp27-cp27m-manylinux1_i686.whl", hash = "sha256:34eff4b97f3d982fb93e2831e6750127d1355a923ebaeeb565407b3d2f8d41a1"},
    {file = "cffi-1.14.5-cp27-cp27m-manylinux1_x86_64.whl", hash = "sha256:99cd03ae7988a93dd00bcd9d0b75e1f6c426063d6f03d2f90b89e29b25b82dfa"},
    {file = "cffi-1.14.5-cp27-cp27m-win32.whl", hash = "sha256:65fa59693c62cf06e45ddbb822165394a288edce9e276647f0046e1ec26920f3"},
    {file = "cffi-1.14.5-cp27-cp27m-win_amd64.whl", hash = "sha256:51182f8927c5af975fece87b1b369f722c570fe169f9880764b1ee3bca8347b5"},
    {file = "cffi-1.14.5-cp27-cp27mu-manylinux1_i686.whl", hash = "sha256:43e0b9d9e2c9e5d152946b9c5fe062c151614b262fda2e7b201204de0b99e482"},
    {file = "cffi-1.14.5-cp27-cp27mu-manylinux1_x86_64.whl", hash = "sha256:cbde590d4faaa07c72bf979734738f328d239913ba3e043b1e98fe9a39f8b2b6"},
    {file = "cffi-1.14.5-cp35-cp35m-macosx_10_9_x86_64.whl", hash = "sha256:5de7970188bb46b7bf9858eb6890aad302577a5f6f75091fd7cdd3ef13ef3045"},
    {file = "cffi-1.14.5-cp35-cp35m-manylinux1_i686.whl", hash = "sha256:a465da611f6fa124963b91bf432d960a555563efe4ed1cc403ba5077b15370aa"},
    {file = "cffi-1.14.5-cp35-cp35m-manylinux1_x86_64.whl", hash = "sha256:d42b11d692e11b6634f7613ad8df5d6d5f8875f5d48939520d351007b3c13406"},
    {file = "cffi-1.14.5-cp35-cp35m-win32.whl", hash = "sha256:72d8d3ef52c208ee1c7b2e341f7d71c6fd3157138abf1a95166e6165dd5d4369"},
    {file = "cffi-1.14.5-cp35-cp35m-win_amd64.whl", hash = "sha256:29314480e958fd8aab22e4a58b355b629c59bf5f2ac2492b61e3dc06d8c7a315"},
    {file = "cffi-1.14.5-cp36-cp36m-macosx_10_9_x86_64.whl", hash = "sha256:3d3dd4c9e559eb172ecf00a2a7517e97d1e96de2a5e610bd9b68cea3925b4892"},
    {file = "cffi-1.14.5-cp36-cp36m-manylinux1_i686.whl", hash = "sha256:48e1c69bbacfc3d932221851b39d49e81567a4d4aac3b21258d9c24578280058"},
    {file = "cffi-1.14.5-cp36-cp36m-manylinux1_x86_64.whl", hash = "sha256:69e395c24fc60aad6bb4fa7e583698ea6cc684648e1ffb7fe85e3c1ca131a7d5"},
    {file = "cffi-1.14.5-cp36-cp36m-manylinux2014_aarch64.whl", hash = "sha256:9e93e79c2551ff263400e1e4be085a1210e12073a31c2011dbbda14bda0c6132"},
    {file = "cffi-1.14.5-cp36-cp36m-win32.whl", hash = "sha256:58e3f59d583d413809d60779492342801d6e82fefb89c86a38e040c16883be53"},
    {file = "cffi-1.14.5-cp36-cp36m-win_amd64.whl", hash = "sha256:005a36f41773e148deac64b08f233873a4d0c18b053d37da83f6af4d9087b813"},
    {file = "cffi-1.14.5-cp37-cp37m-macosx_10_9_x86_64.whl", hash = "sha256:2894f2df484ff56d717bead0a5c2abb6b9d2bf26d6960c4604d5c48bbc30ee73"},
    {file = "cffi-1.14.5-cp37-cp37m-manylinux1_i686.whl", hash = "sha256:0857f0ae312d855239a55c81ef453ee8fd24136eaba8e87a2eceba644c0d4c06"},
    {file = "cffi-1.14.5-cp37-cp37m-manylinux1_x86_64.whl", hash = "sha256:cd2868886d547469123fadc46eac7ea5253ea7fcb139f12e1dfc2bbd406427d1"},
    {file = "cffi-1.14.5-cp37-cp37m-manylinux2014_aarch64.whl", hash = "sha256:35f27e6eb43380fa080dccf676dece30bef72e4a67617ffda586641cd4508d49"},
    {file = "cffi-1.14.5-cp37-cp37m-win32.whl", hash = "sha256:9ff227395193126d82e60319a673a037d5de84633f11279e336f9c0f189ecc62"},
    {file = "cffi-1.14.5-cp37-cp37m-win_amd64.whl", hash = "sha256:9cf8022fb8d07a97c178b02327b284521c7708d7c71a9c9c355c178ac4bbd3d4"},
    {file = "cffi-1.14.5-cp38-cp38-macosx_10_9_x86_64.whl", hash = "sha256:8b198cec6c72df5289c05b05b8b0969819783f9418e0409865dac47288d2a053"},
    {file = "cffi-1.14.5-cp38-cp38-manylinux1_i686.whl", hash = "sha256:ad17025d226ee5beec591b52800c11680fca3df50b8b29fe51d882576e039ee0"},
    {file = "cffi-1.14.5-cp38-cp38-manylinux1_x86_64.whl", hash = "sha256:6c97d7350133666fbb5cf4abdc1178c812cb205dc6f41d174a7b0f18fb93337e"},
    {file = "cffi-1.14.5-cp38-cp38-manylinux2014_aarch64.whl", hash = "sha256:8ae6299f6c68de06f136f1f9e69458eae58f1dacf10af5c17353eae03aa0d827"},
    {file = "cffi-1.14.5-cp38-cp38-win32.whl", hash = "sha256:b85eb46a81787c50650f2392b9b4ef23e1f126313b9e0e9013b35c15e4288e2e"},
    {file = "cffi-1.14.5-cp38-cp38-win_amd64.whl", hash = "sha256:1f436816fc868b098b0d63b8920de7d208c90a67212546d02f84fe78a9c26396"},
    {file = "cffi-1.14.5-cp39-cp39-macosx_10_9_x86_64.whl", hash = "sha256:1071534bbbf8cbb31b498d5d9db0f274f2f7a865adca4ae429e147ba40f73dea"},
    {file = "cffi-1.14.5-cp39-cp39-manylinux1_i686.whl", hash = "sha256:9de2e279153a443c656f2defd67769e6d1e4163952b3c622dcea5b08a6405322"},
    {file = "cffi-1.14.5-cp39-cp39-manylinux1_x86_64.whl", hash = "sha256:6e4714cc64f474e4d6e37cfff31a814b509a35cb17de4fb1999907575684479c"},
    {file = "cffi-1.14.5-cp39-cp39-manylinux2014_aarch64.whl", hash = "sha256:158d0d15119b4b7ff6b926536763dc0714313aa59e320ddf787502c70c4d4bee"},
    {file = "cffi-1.14.5-cp39-cp39-win32.whl", hash = "sha256:afb29c1ba2e5a3736f1c301d9d0abe3ec8b86957d04ddfa9d7a6a42b9367e396"},
    {file = "cffi-1.14.5-cp39-cp39-win_amd64.whl", hash = "sha256:f2d45f97ab6bb54753eab54fffe75aaf3de4ff2341c9daee1987ee1837636f1d"},
    {file = "cffi-1.14.5.tar.gz", hash = "sha256:fd78e5fee591709f32ef6edb9a015b4aa1a5022598e36227500c8f4e02328d9c"},
]
cmarkgfm = [
    {file = "cmarkgfm-0.5.3-cp27-cp27m-macosx_10_9_x86_64.whl", hash = "sha256:b903508505f27d5721908fc2801a5cc3e72f561902106d6921440c83338be66c"},
    {file = "cmarkgfm-0.5.3-cp27-cp27m-manylinux1_i686.whl", hash = "sha256:8d496dccaeb950774bf1bf3e3164efef9804dc431c7bb87f977239931b71c239"},
    {file = "cmarkgfm-0.5.3-cp27-cp27m-manylinux1_x86_64.whl", hash = "sha256:db874490723a66be40c1c86d3bf510011753eeab6c6e07a8131730c9beffa5fa"},
    {file = "cmarkgfm-0.5.3-cp27-cp27m-manylinux2010_i686.whl", hash = "sha256:b817e5e269449307c6db16d8afbfd0273960bc119d3289559ca8909a45a68069"},
    {file = "cmarkgfm-0.5.3-cp27-cp27m-manylinux2010_x86_64.whl", hash = "sha256:0ec879872e2b33c19cc15bdbfd1fdad52be13a27b7e2586fcc4423307a4e834c"},
    {file = "cmarkgfm-0.5.3-cp27-cp27mu-manylinux1_i686.whl", hash = "sha256:4d3b78b6ddc1d97d9eb3769e3585207a85d4c37fc9a62cc0248655fe79e281d2"},
    {file = "cmarkgfm-0.5.3-cp27-cp27mu-manylinux1_x86_64.whl", hash = "sha256:7c58046589f5bfb038ed8441519935dc2ceb36a25c9324eaa6a63433bed4482a"},
    {file = "cmarkgfm-0.5.3-cp27-cp27mu-manylinux2010_i686.whl", hash = "sha256:e9f382fc10ca5748c619ebb1d249e215e5479eb2c474030d254d32db18769ac9"},
    {file = "cmarkgfm-0.5.3-cp27-cp27mu-manylinux2010_x86_64.whl", hash = "sha256:43ffcbdc06c3c87d5bf208b21c4ae2dea07d3a62bcd7c5b023ed7cf25474c6e0"},
    {file = "cmarkgfm-0.5.3-cp35-cp35m-macosx_10_9_x86_64.whl", hash = "sha256:c4e78bec8b0010f5d4e844466a9ecdd2401b8fad1b646ecda63697d47607c824"},
    {file = "cmarkgfm-0.5.3-cp35-cp35m-manylinux1_i686.whl", hash = "sha256:4897c194740c4839a735d701f17756c015f56fbfe2c39bd9954374ffad87c88f"},
    {file = "cmarkgfm-0.5.3-cp35-cp35m-manylinux1_x86_64.whl", hash = "sha256:57457bf42c567c832b7dd99d6c6ff2a0cf99d7cddb0ec4667939a02cfad7da02"},
    {file = "cmarkgfm-0.5.3-cp35-cp35m-manylinux2010_i686.whl", hash = "sha256:ffc4e244ea2e752b03f2d82eb40ad87b2c0faac28db21223e91b29f61c8580c3"},
    {file = "cmarkgfm-0.5.3-cp35-cp35m-manylinux2010_x86_64.whl", hash = "sha256:08e3ccf04dcae7443e6bc253605df0ffc719256f04a700de7b99cd0c126bd819"},
    {file = "cmarkgfm-0.5.3-cp35-cp35m-manylinux2014_aarch64.whl", hash = "sha256:bc9a487a1dcfa8987c557dc056c308d32512c1ac271c788b49db130952558118"},
    {file = "cmarkgfm-0.5.3-cp35-cp35m-win32.whl", hash = "sha256:676b17a1f9997900540181efabff11c00b92964bc93f1e0113beec69b805b5c6"},
    {file = "cmarkgfm-0.5.3-cp35-cp35m-win_amd64.whl", hash = "sha256:f7521afa0e1daf65a30c1830c35eeeb56605dc778a22b3d23236863634fa8b0b"},
    {file = "cmarkgfm-0.5.3-cp36-cp36m-macosx_10_9_x86_64.whl", hash = "sha256:6ef2fe5b0f3a243b7b6edb8b5416f3fce3d853b103b5a970dc9a8c8b6ced79fb"},
    {file = "cmarkgfm-0.5.3-cp36-cp36m-manylinux1_i686.whl", hash = "sha256:4b43eb944de4952b45ecd39fa76e097573c643dee21541a9e24561d3aafe4694"},
    {file = "cmarkgfm-0.5.3-cp36-cp36m-manylinux1_x86_64.whl", hash = "sha256:045ce291b1ee31616ee05665bea065d63d28516c91404d687d7df04a1722012c"},
    {file = "cmarkgfm-0.5.3-cp36-cp36m-manylinux2010_i686.whl", hash = "sha256:00c58c885742519fccdc495b583c875c2db1d3dd26ca805779d6ad476a774df1"},
    {file = "cmarkgfm-0.5.3-cp36-cp36m-manylinux2010_x86_64.whl", hash = "sha256:a220ffba6181cb9343dbdd7275d61eea6828e4b6790f942d7c96fe444cf19027"},
    {file = "cmarkgfm-0.5.3-cp36-cp36m-manylinux2014_aarch64.whl", hash = "sha256:447da4b88a84e847e29f4e87276b1e3b397dfcc22245c2f3448be6ef34d5c07e"},
    {file = "cmarkgfm-0.5.3-cp36-cp36m-win32.whl", hash = "sha256:4642b424af8a9da2d9e4eddc3a3fbf1f2e5980cbf28c250f008a51c31aab6cdf"},
    {file = "cmarkgfm-0.5.3-cp36-cp36m-win_amd64.whl", hash = "sha256:0854dc5719b7dfb67455a5a24d461f86c654fd611f43d693ffb74fe1f18ec113"},
    {file = "cmarkgfm-0.5.3-cp37-cp37m-macosx_10_9_x86_64.whl", hash = "sha256:811321cc377ae085309943f04a6dcc93ebe0d07ebf9ca0e91bb916ad3a253429"},
    {file = "cmarkgfm-0.5.3-cp37-cp37m-manylinux1_i686.whl", hash = "sha256:18ac6415a362b56348cec151e21c73639096bda173757595a2f416bc71081780"},
    {file = "cmarkgfm-0.5.3-cp37-cp37m-manylinux1_x86_64.whl", hash = "sha256:8d731933dec20240d697ba36a1fdae5e77158d0736fb972dab40030e97a1afa5"},
    {file = "cmarkgfm-0.5.3-cp37-cp37m-manylinux2010_i686.whl", hash = "sha256:bf95571ab17ba7369e64749bef48e394a479f8f5d512480845f8855d1673dbbb"},
    {file = "cmarkgfm-0.5.3-cp37-cp37m-manylinux2010_x86_64.whl", hash = "sha256:0d44b102a5cb4dd135165d7e681fd9131aeae020dd20b75b68038f26bf41df59"},
    {file = "cmarkgfm-0.5.3-cp37-cp37m-manylinux2014_aarch64.whl", hash = "sha256:c1ba7c7b03a4afd0cc6cb64378775ca17b8c8a90ecd9f0a98224bce763864452"},
    {file = "cmarkgfm-0.5.3-cp37-cp37m-win32.whl", hash = "sha256:560627a30275f97c3e805686e4523d6298cae8b18ec5f4ff9046679289d8421a"},
    {file = "cmarkgfm-0.5.3-cp37-cp37m-win_amd64.whl", hash = "sha256:6b01d232f0577ec0727cc4cad9d66fec9a67389274cd4136ff3198ca1e40d251"},
    {file = "cmarkgfm-0.5.3-cp38-cp38-macosx_10_9_x86_64.whl", hash = "sha256:21ec7c0933abd40cf949c783f184cb81856f0a3e593393f9702883ecba45f345"},
    {file = "cmarkgfm-0.5.3-cp38-cp38-manylinux1_i686.whl", hash = "sha256:e476706926a5a1f1f71a25287d9004126d8a177e2ca39f7a1c8e1ca7f7c75c4b"},
    {file = "cmarkgfm-0.5.3-cp38-cp38-manylinux1_x86_64.whl", hash = "sha256:c71ca515e938beb4fd441499c07d972032ef187db11f2374c060198b6fcafe07"},
    {file = "cmarkgfm-0.5.3-cp38-cp38-manylinux2010_i686.whl", hash = "sha256:8aaca2028746e526af1072d15c4ef0e7433fdc73ff2d1efb6df64ad9e91c0aa2"},
    {file = "cmarkgfm-0.5.3-cp38-cp38-manylinux2010_x86_64.whl", hash = "sha256:e716f068538d4fa5a28cf9320cd7211bf6622229e57b04b54a2775ef129d2d45"},
    {file = "cmarkgfm-0.5.3-cp38-cp38-manylinux2014_aarch64.whl", hash = "sha256:3f6f4603837efcc46051c084915658f5cb8761d0655cfdefe5b010f750fb7400"},
    {file = "cmarkgfm-0.5.3-cp38-cp38-win32.whl", hash = "sha256:fa91bd1f01fa40bea9b418a66b15d54d330f2c58c78f0e03ae767922d6e6dab0"},
    {file = "cmarkgfm-0.5.3-cp38-cp38-win_amd64.whl", hash = "sha256:41cecbe887e9ed5fdc5bbba9ef47f2da4a07ce42513c282a137d538e160fb7ad"},
    {file = "cmarkgfm-0.5.3-cp39-cp39-macosx_10_9_x86_64.whl", hash = "sha256:9ecf43d6845da0349f5563f3587208b8afbbd5438178600e1a51a572bd3afc14"},
    {file = "cmarkgfm-0.5.3-cp39-cp39-manylinux1_i686.whl", hash = "sha256:b4ea342a4e25750cd71245c4f9a39097a8c320dfc98d2482fe486aa9b091a629"},
    {file = "cmarkgfm-0.5.3-cp39-cp39-manylinux1_x86_64.whl", hash = "sha256:0c3e8a62c5879019d6ccd24c158eda5c0ee18b215c02a6093cf1780ad127b239"},
    {file = "cmarkgfm-0.5.3-cp39-cp39-manylinux2010_i686.whl", hash = "sha256:d025fd97e457a26c0d6008bb46b02d0e593975d9f5af10b1f686eeeb969440f5"},
    {file = "cmarkgfm-0.5.3-cp39-cp39-manylinux2010_x86_64.whl", hash = "sha256:d81bd5a5a2ea2df15bceb2b8b16ec759ac27bcaf512b11226e467f395c50f71e"},
    {file = "cmarkgfm-0.5.3-cp39-cp39-manylinux2014_aarch64.whl", hash = "sha256:d17ec96c0e986d8818b94a97b13745d59ef55ac03d632cd3310a7e887ef07815"},
    {file = "cmarkgfm-0.5.3-cp39-cp39-win32.whl", hash = "sha256:0b5c3a5fdca50151995f56f9559aef718e274c43948823acebabd66e113e7b3f"},
    {file = "cmarkgfm-0.5.3-cp39-cp39-win_amd64.whl", hash = "sha256:5f6911a093dd8d89f482230adf30c004394eb612a85245beb74def05731c29c5"},
    {file = "cmarkgfm-0.5.3.tar.gz", hash = "sha256:b6a549aba327abd986d6748cf21c8637d741c76850e7fefbdef8d28bfe138e32"},
]
colorama = [
    {file = "colorama-0.4.1-py2.py3-none-any.whl", hash = "sha256:f8ac84de7840f5b9c4e3347b3c1eaa50f7e49c2b07596221daec5edaabbd7c48"},
    {file = "colorama-0.4.1.tar.gz", hash = "sha256:05eed71e2e327246ad6b38c540c4a3117230b19679b875190486ddd2d721422d"},
]
coverage = [
    {file = "coverage-4.4.2-cp26-cp26m-macosx_10_10_x86_64.whl", hash = "sha256:d1ee76f560c3c3e8faada866a07a32485445e16ed2206ac8378bd90dadffb9f0"},
    {file = "coverage-4.4.2-cp26-cp26m-manylinux1_i686.whl", hash = "sha256:007eeef7e23f9473622f7d94a3e029a45d55a92a1f083f0f3512f5ab9a669b05"},
    {file = "coverage-4.4.2-cp26-cp26m-manylinux1_x86_64.whl", hash = "sha256:17307429935f96c986a1b1674f78079528833410750321d22b5fb35d1883828e"},
    {file = "coverage-4.4.2-cp26-cp26mu-manylinux1_i686.whl", hash = "sha256:845fddf89dca1e94abe168760a38271abfc2e31863fbb4ada7f9a99337d7c3dc"},
    {file = "coverage-4.4.2-cp26-cp26mu-manylinux1_x86_64.whl", hash = "sha256:3f4d0b3403d3e110d2588c275540649b1841725f5a11a7162620224155d00ba2"},
    {file = "coverage-4.4.2-cp27-cp27m-macosx_10_12_intel.whl", hash = "sha256:4c4f368ffe1c2e7602359c2c50233269f3abe1c48ca6b288dcd0fb1d1c679733"},
    {file = "coverage-4.4.2-cp27-cp27m-macosx_10_12_x86_64.whl", hash = "sha256:f8c55dd0f56d3d618dfacf129e010cbe5d5f94b6951c1b2f13ab1a2f79c284da"},
    {file = "coverage-4.4.2-cp27-cp27m-manylinux1_i686.whl", hash = "sha256:cdd92dd9471e624cd1d8c1a2703d25f114b59b736b0f1f659a98414e535ffb3d"},
    {file = "coverage-4.4.2-cp27-cp27m-manylinux1_x86_64.whl", hash = "sha256:2ad357d12971e77360034c1596011a03f50c0f9e1ecd12e081342b8d1aee2236"},
    {file = "coverage-4.4.2-cp27-cp27m-win32.whl", hash = "sha256:700d7579995044dc724847560b78ac786f0ca292867447afda7727a6fbaa082e"},
    {file = "coverage-4.4.2-cp27-cp27m-win_amd64.whl", hash = "sha256:66f393e10dd866be267deb3feca39babba08ae13763e0fc7a1063cbe1f8e49f6"},
    {file = "coverage-4.4.2-cp27-cp27mu-manylinux1_i686.whl", hash = "sha256:e9a0e1caed2a52f15c96507ab78a48f346c05681a49c5b003172f8073da6aa6b"},
    {file = "coverage-4.4.2-cp27-cp27mu-manylinux1_x86_64.whl", hash = "sha256:eea9135432428d3ca7ee9be86af27cb8e56243f73764a9b6c3e0bda1394916be"},
    {file = "coverage-4.4.2-cp33-cp33m-macosx_10_10_x86_64.whl", hash = "sha256:5ff16548492e8a12e65ff3d55857ccd818584ed587a6c2898a9ebbe09a880674"},
    {file = "coverage-4.4.2-cp33-cp33m-manylinux1_i686.whl", hash = "sha256:d00e29b78ff610d300b2c37049a41234d48ea4f2d2581759ebcf67caaf731c31"},
    {file = "coverage-4.4.2-cp33-cp33m-manylinux1_x86_64.whl", hash = "sha256:87d942863fe74b1c3be83a045996addf1639218c2cb89c5da18c06c0fe3917ea"},
    {file = "coverage-4.4.2-cp34-cp34m-macosx_10_10_x86_64.whl", hash = "sha256:358d635b1fc22a425444d52f26287ae5aea9e96e254ff3c59c407426f44574f4"},
    {file = "coverage-4.4.2-cp34-cp34m-manylinux1_i686.whl", hash = "sha256:81912cfe276e0069dca99e1e4e6be7b06b5fc8342641c6b472cb2fed7de7ae18"},
    {file = "coverage-4.4.2-cp34-cp34m-manylinux1_x86_64.whl", hash = "sha256:079248312838c4c8f3494934ab7382a42d42d5f365f0cf7516f938dbb3f53f3f"},
    {file = "coverage-4.4.2-cp34-cp34m-win32.whl", hash = "sha256:b0059630ca5c6b297690a6bf57bf2fdac1395c24b7935fd73ee64190276b743b"},
    {file = "coverage-4.4.2-cp34-cp34m-win_amd64.whl", hash = "sha256:493082f104b5ca920e97a485913de254cbe351900deed72d4264571c73464cd0"},
    {file = "coverage-4.4.2-cp35-cp35m-macosx_10_10_x86_64.whl", hash = "sha256:e3ba9b14607c23623cf38f90b23f5bed4a3be87cbfa96e2e9f4eabb975d1e98b"},
    {file = "coverage-4.4.2-cp35-cp35m-manylinux1_i686.whl", hash = "sha256:82cbd3317320aa63c65555aa4894bf33a13fb3a77f079059eb5935eea415938d"},
    {file = "coverage-4.4.2-cp35-cp35m-manylinux1_x86_64.whl", hash = "sha256:9721f1b7275d3112dc7ccf63f0553c769f09b5c25a26ee45872c7f5c09edf6c1"},
    {file = "coverage-4.4.2-cp35-cp35m-win32.whl", hash = "sha256:bd4800e32b4c8d99c3a2c943f1ac430cbf80658d884123d19639bcde90dad44a"},
    {file = "coverage-4.4.2-cp35-cp35m-win_amd64.whl", hash = "sha256:f29841e865590af72c4b90d7b5b8e93fd560f5dea436c1d5ee8053788f9285de"},
    {file = "coverage-4.4.2-cp36-cp36m-macosx_10_12_x86_64.whl", hash = "sha256:f3a5c6d054c531536a83521c00e5d4004f1e126e2e2556ce399bef4180fbe540"},
    {file = "coverage-4.4.2-cp36-cp36m-manylinux1_i686.whl", hash = "sha256:dd707a21332615108b736ef0b8513d3edaf12d2a7d5fc26cd04a169a8ae9b526"},
    {file = "coverage-4.4.2-cp36-cp36m-manylinux1_x86_64.whl", hash = "sha256:2e1a5c6adebb93c3b175103c2f855eda957283c10cf937d791d81bef8872d6ca"},
    {file = "coverage-4.4.2-cp36-cp36m-win32.whl", hash = "sha256:f87f522bde5540d8a4b11df80058281ac38c44b13ce29ced1e294963dd51a8f8"},
    {file = "coverage-4.4.2-cp36-cp36m-win_amd64.whl", hash = "sha256:a7cfaebd8f24c2b537fa6a271229b051cdac9c1734bb6f939ccfc7c055689baa"},
    {file = "coverage-4.4.2.tar.gz", hash = "sha256:309d91bd7a35063ec7a0e4d75645488bfab3f0b66373e7722f23da7f5b0f34cc"},
    {file = "coverage-4.4.2.win-amd64-py2.7.exe", hash = "sha256:b6cebae1502ce5b87d7c6f532fa90ab345cfbda62b95aeea4e431e164d498a3d"},
    {file = "coverage-4.4.2.win-amd64-py3.4.exe", hash = "sha256:a4497faa4f1c0fc365ba05eaecfb6b5d24e3c8c72e95938f9524e29dadb15e76"},
    {file = "coverage-4.4.2.win-amd64-py3.5.exe", hash = "sha256:2b4d7f03a8a6632598cbc5df15bbca9f778c43db7cf1a838f4fa2c8599a8691a"},
    {file = "coverage-4.4.2.win-amd64-py3.6.exe", hash = "sha256:1afccd7e27cac1b9617be8c769f6d8a6d363699c9b86820f40c74cfb3328921c"},
    {file = "coverage-4.4.2.win32-py2.7.exe", hash = "sha256:0388c12539372bb92d6dde68b4627f0300d948965bbb7fc104924d715fdc0965"},
    {file = "coverage-4.4.2.win32-py3.4.exe", hash = "sha256:ab3508df9a92c1d3362343d235420d08e2662969b83134f8a97dc1451cbe5e84"},
    {file = "coverage-4.4.2.win32-py3.5.exe", hash = "sha256:43a155eb76025c61fc20c3d03b89ca28efa6f5be572ab6110b2fb68eda96bfea"},
    {file = "coverage-4.4.2.win32-py3.6.exe", hash = "sha256:f98b461cb59f117887aa634a66022c0bd394278245ed51189f63a036516e32de"},
]
docutils = [
    {file = "docutils-0.15.2-py2-none-any.whl", hash = "sha256:9e4d7ecfc600058e07ba661411a2b7de2fd0fafa17d1a7f7361cd47b1175c827"},
    {file = "docutils-0.15.2-py3-none-any.whl", hash = "sha256:6c4f696463b79f1fb8ba0c594b63840ebd41f059e92b31957c46b74a4599b6d0"},
    {file = "docutils-0.15.2.tar.gz", hash = "sha256:a2aeea129088da402665e92e0b25b04b073c04b2dce4ab65caaa38b7ce2e1a99"},
]
flake8 = [
    {file = "flake8-3.5.0-py2.py3-none-any.whl", hash = "sha256:c7841163e2b576d435799169b78703ad6ac1bbb0f199994fc05f700b2a90ea37"},
    {file = "flake8-3.5.0.tar.gz", hash = "sha256:7253265f7abd8b313e3892944044a365e3f4ac3fcdcfb4298f55ee9ddf188ba0"},
]
future = [
    {file = "future-0.18.2.tar.gz", hash = "sha256:b1bead90b70cf6ec3f0710ae53a525360fa360d306a86583adc6bf83a4db537d"},
]
importlib-metadata = [
    {file = "importlib_metadata-1.1.3-py2.py3-none-any.whl", hash = "sha256:7c7f8ac40673f507f349bef2eed21a0e5f01ddf5b2a7356a6c65eb2099b53764"},
    {file = "importlib_metadata-1.1.3.tar.gz", hash = "sha256:7a99fb4084ffe6dae374961ba7a6521b79c1d07c658ab3a28aa264ee1d1b14e3"},
]
mccabe = [
    {file = "mccabe-0.6.1-py2.py3-none-any.whl", hash = "sha256:ab8a6258860da4b6677da4bd2fe5dc2c659cff31b3ee4f7f5d64e79735b80d42"},
    {file = "mccabe-0.6.1.tar.gz", hash = "sha256:dd8d182285a0fe56bace7f45b5e7d1a6ebcbf524e8f3bd87eb0f125271b8831f"},
]
more-itertools = [
    {file = "more-itertools-7.2.0.tar.gz", hash = "sha256:409cd48d4db7052af495b09dec721011634af3753ae1ef92d2b32f73a745f832"},
    {file = "more_itertools-7.2.0-py3-none-any.whl", hash = "sha256:92b8c4b06dac4f0611c0729b2f2ede52b2e1bac1ab48f089c7ddc12e26bb60c4"},
]
pathlib2 = [
    {file = "pathlib2-2.3.5-py2.py3-none-any.whl", hash = "sha256:0ec8205a157c80d7acc301c0b18fbd5d44fe655968f5d947b6ecef5290fc35db"},
    {file = "pathlib2-2.3.5.tar.gz", hash = "sha256:6cd9a47b597b37cc57de1c05e56fb1a1c9cc9fab04fe78c29acd090418529868"},
]
pluggy = [
    {file = "pluggy-0.13.1-py2.py3-none-any.whl", hash = "sha256:966c145cd83c96502c3c3868f50408687b38434af77734af1e9ca461a4081d2d"},
    {file = "pluggy-0.13.1.tar.gz", hash = "sha256:15b2acde666561e1298d71b523007ed7364de07029219b604cf808bfa1c765b0"},
]
py = [
    {file = "py-1.10.0-py2.py3-none-any.whl", hash = "sha256:3b80836aa6d1feeaa108e046da6423ab8f6ceda6468545ae8d02d9d58d18818a"},
    {file = "py-1.10.0.tar.gz", hash = "sha256:21b81bda15b66ef5e1a777a21c4dcd9c20ad3efd0b3f817e7a809035269e1bd3"},
]
pycodestyle = [
    {file = "pycodestyle-2.3.1-py2.py3-none-any.whl", hash = "sha256:6c4245ade1edfad79c3446fadfc96b0de2759662dc29d07d80a6f27ad1ca6ba9"},
    {file = "pycodestyle-2.3.1.tar.gz", hash = "sha256:682256a5b318149ca0d2a9185d365d8864a768a28db66a84a2ea946bcc426766"},
]
pycparser = [
    {file = "pycparser-2.20-py2.py3-none-any.whl", hash = "sha256:7582ad22678f0fcd81102833f60ef8d0e57288b6b5fb00323d101be910e35705"},
    {file = "pycparser-2.20.tar.gz", hash = "sha256:2d475327684562c3a96cc71adf7dc8c4f0565175cf86b6d7a404ff4c771f15f0"},
]
pyflakes = [
    {file = "pyflakes-1.6.0-py2.py3-none-any.whl", hash = "sha256:08bd6a50edf8cffa9fa09a463063c425ecaaf10d1eb0335a7e8b1401aef89e6f"},
    {file = "pyflakes-1.6.0.tar.gz", hash = "sha256:8d616a382f243dbf19b54743f280b80198be0bca3a5396f1d2e1fca6223e8805"},
]
pygments = [
    {file = "Pygments-2.3.1-py2.py3-none-any.whl", hash = "sha256:e8218dd399a61674745138520d0d4cf2621d7e032439341bc3f647bff125818d"},
    {file = "Pygments-2.3.1.tar.gz", hash = "sha256:5ffada19f6203563680669ee7f53b64dabbeb100eb51b61996085e99c03b284a"},
]
pytest = [
    {file = "pytest-3.7.1-py2.py3-none-any.whl", hash = "sha256:e74466e97ac14582a8188ff4c53e6cc3810315f342f6096899332ae864c1d432"},
    {file = "pytest-3.7.1.tar.gz", hash = "sha256:86a8dbf407e437351cef4dba46736e9c5a6e3c3ac71b2e942209748e76ff2086"},
]
pytest-cov = [
    {file = "pytest-cov-2.5.1.tar.gz", hash = "sha256:03aa752cf11db41d281ea1d807d954c4eda35cfa1b21d6971966cc041bbf6e2d"},
    {file = "pytest_cov-2.5.1-py2.py3-none-any.whl", hash = "sha256:890fe5565400902b0c78b5357004aab1c814115894f4f21370e2433256a3eeec"},
]
readme-renderer = [
    {file = "readme_renderer-21.0-py2.py3-none-any.whl", hash = "sha256:4547549521518be153ec428e86c0ee7c41ebd24c26b948e1d5627c94ad470808"},
    {file = "readme_renderer-21.0.tar.gz", hash = "sha256:422404013378f0267ee128956021a47457db8eb487908b70b8a7de5fa935781a"},
]
scandir = [
    {file = "scandir-1.10.0-cp27-cp27m-win32.whl", hash = "sha256:92c85ac42f41ffdc35b6da57ed991575bdbe69db895507af88b9f499b701c188"},
    {file = "scandir-1.10.0-cp27-cp27m-win_amd64.whl", hash = "sha256:cb925555f43060a1745d0a321cca94bcea927c50114b623d73179189a4e100ac"},
    {file = "scandir-1.10.0-cp34-cp34m-win32.whl", hash = "sha256:2c712840c2e2ee8dfaf36034080108d30060d759c7b73a01a52251cc8989f11f"},
    {file = "scandir-1.10.0-cp34-cp34m-win_amd64.whl", hash = "sha256:2586c94e907d99617887daed6c1d102b5ca28f1085f90446554abf1faf73123e"},
    {file = "scandir-1.10.0-cp35-cp35m-win32.whl", hash = "sha256:2b8e3888b11abb2217a32af0766bc06b65cc4a928d8727828ee68af5a967fa6f"},
    {file = "scandir-1.10.0-cp35-cp35m-win_amd64.whl", hash = "sha256:8c5922863e44ffc00c5c693190648daa6d15e7c1207ed02d6f46a8dcc2869d32"},
    {file = "scandir-1.10.0-cp36-cp36m-win32.whl", hash = "sha256:2ae41f43797ca0c11591c0c35f2f5875fa99f8797cb1a1fd440497ec0ae4b022"},
    {file = "scandir-1.10.0-cp36-cp36m-win_amd64.whl", hash = "sha256:7d2d7a06a252764061a020407b997dd036f7bd6a175a5ba2b345f0a357f0b3f4"},
    {file = "scandir-1.10.0-cp37-cp37m-win32.whl", hash = "sha256:67f15b6f83e6507fdc6fca22fedf6ef8b334b399ca27c6b568cbfaa82a364173"},
    {file = "scandir-1.10.0-cp37-cp37m-win_amd64.whl", hash = "sha256:b24086f2375c4a094a6b51e78b4cf7ca16c721dcee2eddd7aa6494b42d6d519d"},
    {file = "scandir-1.10.0.tar.gz", hash = "sha256:4d4631f6062e658e9007ab3149a9b914f3548cb38bfb021c64f39a025ce578ae"},
]
six = [
    {file = "six-1.15.0-py2.py3-none-any.whl", hash = "sha256:8b74bedcbbbaca38ff6d7491d76f2b06b3592611af620f8426e82dddb04a5ced"},
    {file = "six-1.15.0.tar.gz", hash = "sha256:30639c035cdb23534cd4aa2dd52c3bf48f06e5f4a941509c8bafd8ce11080259"},
]
webencodings = [
    {file = "webencodings-0.5.1-py2.py3-none-any.whl", hash = "sha256:a0af1213f3c2226497a97e2b3aa01a7e4bee4f403f95be16fc9acd2947514a78"},
    {file = "webencodings-0.5.1.tar.gz", hash = "sha256:b36a1c245f2d304965eb4e0a82848379241dc04b865afcc4aab16748587e1923"},
]
zipp = [
    {file = "zipp-1.2.0-py2.py3-none-any.whl", hash = "sha256:e0d9e63797e483a30d27e09fffd308c59a700d365ec34e93cc100844168bf921"},
    {file = "zipp-1.2.0.tar.gz", hash = "sha256:c70410551488251b0fee67b460fb9a536af8d6f9f008ad10ac51f615b6a521b1"},
]
